
Microsoft Visual Studio Solution File, Format Version 12.00
# Visual Studio Version 17
VisualStudioVersion = 17.8.34330.188
MinimumVisualStudioVersion = 10.0.40219.1
Project("{FAE04EC0-301F-11D3-BF4B-00C04F79EFBC}") = "Vozilaa", "Vozilaa\Vozilaa.csproj", "{AE8170D9-6FB1-4727-908E-A6584ADBC868}"
EndProject
Global
	GlobalSection(SolutionConfigurationPlatforms) = preSolution
		Debug|Any CPU = Debug|Any CPU
		Release|Any CPU = Release|Any CPU
	EndGlobalSection
	GlobalSection(ProjectConfigurationPlatforms) = postSolution
		{AE8170D9-6FB1-4727-908E-A6584ADBC868}.Debug|Any CPU.ActiveCfg = Debug|Any CPU
		{AE8170D9-6FB1-4727-908E-A6584ADBC868}.Debug|Any CPU.Build.0 = Debug|Any CPU
		{AE8170D9-6FB1-4727-908E-A6584ADBC868}.Release|Any CPU.ActiveCfg = Release|Any CPU
		{AE8170D9-6FB1-4727-908E-A6584ADBC868}.Release|Any CPU.Build.0 = Release|Any CPU
	EndGlobalSection
	GlobalSection(SolutionProperties) = preSolution
		HideSolutionNode = FALSE
	EndGlobalSection
	GlobalSection(ExtensibilityGlobals) = postSolution
		SolutionGuid = {BDC7EE15-4BB9-4D27-ABCB-9989C80CCA89}
	EndGlobalSection
EndGlobal
